
Microsoft Visual Studio Solution File, Format Version 12.00
# Visual Studio Version 17
VisualStudioVersion = 17.10.35004.147
MinimumVisualStudioVersion = 10.0.40219.1
Project("{FAE04EC0-301F-11D3-BF4B-00C04F79EFBC}") = "ExternalPoliceComputer", "ExternalPoliceComputer\ExternalPoliceComputer.csproj", "{4D3035F6-5235-4E0C-8489-DC14447568C2}"
EndProject
Global
	GlobalSection(SolutionConfigurationPlatforms) = preSolution
		Debug|Any CPU = Debug|Any CPU
		Release|Any CPU = Release|Any CPU
	EndGlobalSection
	GlobalSection(ProjectConfigurationPlatforms) = postSolution
		{4D3035F6-5235-4E0C-8489-DC14447568C2}.Debug|Any CPU.ActiveCfg = Debug|Any CPU
		{4D3035F6-5235-4E0C-8489-DC14447568C2}.Debug|Any CPU.Build.0 = Debug|Any CPU
		{4D3035F6-5235-4E0C-8489-DC14447568C2}.Release|Any CPU.ActiveCfg = Release|Any CPU
		{4D3035F6-5235-4E0C-8489-DC14447568C2}.Release|Any CPU.Build.0 = Release|Any CPU
	EndGlobalSection
	GlobalSection(SolutionProperties) = preSolution
		HideSolutionNode = FALSE
	EndGlobalSection
	GlobalSection(ExtensibilityGlobals) = postSolution
		SolutionGuid = {5D34091C-E17E-4E6D-8390-2B696B579B6C}
	EndGlobalSection
EndGlobal
